{
  "requires": true,
  "lockfileVersion": 1,
  "dependencies": {
    "heap-js": {
      "version": "1.4.1",
      "resolved": "https://registry.npmjs.org/heap-js/-/heap-js-1.4.1.tgz",
      "integrity": "sha512-FzbDInEYubylb3um0RFbyqwrFTk/y7i1lGLbvykNazNYqfIZ/bMJ0KN/kQQfu30JZNE7XzHVlGez6F+hdy15Nw=="
    }
  }
}
